
Microsoft Visual Studio Solution File, Format Version 12.00
# Visual Studio Version 17
VisualStudioVersion = 17.5.33424.131
MinimumVisualStudioVersion = 10.0.40219.1
Project("{9A19103F-16F7-4668-BE54-9A1E7A4F7556}") = "SmallTask1", "SmallTask1\SmallTask1.csproj", "{5DB9313B-A29E-44A2-921E-7223CE100244}"
EndProject
Project("{9A19103F-16F7-4668-BE54-9A1E7A4F7556}") = "SmallTask2", "SmallTask2\SmallTask2.csproj", "{F9DD7AB9-C43E-4097-A803-24755D02913F}"
EndProject
Project("{9A19103F-16F7-4668-BE54-9A1E7A4F7556}") = "SmallTask3", "ConsoleApp1\SmallTask3.csproj", "{A6C5E01D-CC56-4875-A760-EBA99280BFF9}"
EndProject
Project("{9A19103F-16F7-4668-BE54-9A1E7A4F7556}") = "SmallTask4", "SmallTask4\SmallTask4.csproj", "{A965E6AC-CA39-4C63-8AE5-C432CA3593FA}"
EndProject
Project("{9A19103F-16F7-4668-BE54-9A1E7A4F7556}") = "UnitTestSmallTask1", "UnitTestSmallTask1\UnitTestSmallTask1.csproj", "{121275C1-2CDB-469D-840B-0CDEB8F09398}"
EndProject
Project("{9A19103F-16F7-4668-BE54-9A1E7A4F7556}") = "UnitTestSmallTask2", "UnitTestSmallTask2\UnitTestSmallTask2.csproj", "{4842597B-2CC6-4110-BB29-459A895EC334}"
EndProject
Project("{9A19103F-16F7-4668-BE54-9A1E7A4F7556}") = "UnitTestSmallTask3", "UnitTestSmallTask3\UnitTestSmallTask3.csproj", "{ED504594-10A3-4F0B-9D34-F8F1B644799F}"
EndProject
Project("{9A19103F-16F7-4668-BE54-9A1E7A4F7556}") = "UnitTestSmallTask4", "UnitTestSmallTask4\UnitTestSmallTask4.csproj", "{686CF040-7113-476A-A73C-AB17943FAC83}"
EndProject
Project("{2150E333-8FDC-42A3-9474-1A3956D46DE8}") = "STask1", "STask1", "{A88CA367-DE5C-4699-8301-9D11ABB19FD3}"
EndProject
Project("{2150E333-8FDC-42A3-9474-1A3956D46DE8}") = "Stask2", "Stask2", "{31CA0AA6-4BC4-4B46-A186-FEF384FF4FC5}"
EndProject
Project("{2150E333-8FDC-42A3-9474-1A3956D46DE8}") = "STask3", "STask3", "{D35D50FC-5C7D-47D4-AEA6-C16B0DCC3E4B}"
EndProject
Project("{2150E333-8FDC-42A3-9474-1A3956D46DE8}") = "STask4", "STask4", "{97DD759A-8AB8-498D-982B-0D87769924CB}"
EndProject
Global
	GlobalSection(SolutionConfigurationPlatforms) = preSolution
		Debug|Any CPU = Debug|Any CPU
		Release|Any CPU = Release|Any CPU
	EndGlobalSection
	GlobalSection(ProjectConfigurationPlatforms) = postSolution
		{5DB9313B-A29E-44A2-921E-7223CE100244}.Debug|Any CPU.ActiveCfg = Debug|Any CPU
		{5DB9313B-A29E-44A2-921E-7223CE100244}.Debug|Any CPU.Build.0 = Debug|Any CPU
		{5DB9313B-A29E-44A2-921E-7223CE100244}.Release|Any CPU.ActiveCfg = Release|Any CPU
		{5DB9313B-A29E-44A2-921E-7223CE100244}.Release|Any CPU.Build.0 = Release|Any CPU
		{F9DD7AB9-C43E-4097-A803-24755D02913F}.Debug|Any CPU.ActiveCfg = Debug|Any CPU
		{F9DD7AB9-C43E-4097-A803-24755D02913F}.Debug|Any CPU.Build.0 = Debug|Any CPU
		{F9DD7AB9-C43E-4097-A803-24755D02913F}.Release|Any CPU.ActiveCfg = Release|Any CPU
		{F9DD7AB9-C43E-4097-A803-24755D02913F}.Release|Any CPU.Build.0 = Release|Any CPU
		{A6C5E01D-CC56-4875-A760-EBA99280BFF9}.Debug|Any CPU.ActiveCfg = Debug|Any CPU
		{A6C5E01D-CC56-4875-A760-EBA99280BFF9}.Debug|Any CPU.Build.0 = Debug|Any CPU
		{A6C5E01D-CC56-4875-A760-EBA99280BFF9}.Release|Any CPU.ActiveCfg = Release|Any CPU
		{A6C5E01D-CC56-4875-A760-EBA99280BFF9}.Release|Any CPU.Build.0 = Release|Any CPU
		{A965E6AC-CA39-4C63-8AE5-C432CA3593FA}.Debug|Any CPU.ActiveCfg = Debug|Any CPU
		{A965E6AC-CA39-4C63-8AE5-C432CA3593FA}.Debug|Any CPU.Build.0 = Debug|Any CPU
		{A965E6AC-CA39-4C63-8AE5-C432CA3593FA}.Release|Any CPU.ActiveCfg = Release|Any CPU
		{A965E6AC-CA39-4C63-8AE5-C432CA3593FA}.Release|Any CPU.Build.0 = Release|Any CPU
		{121275C1-2CDB-469D-840B-0CDEB8F09398}.Debug|Any CPU.ActiveCfg = Debug|Any CPU
		{121275C1-2CDB-469D-840B-0CDEB8F09398}.Debug|Any CPU.Build.0 = Debug|Any CPU
		{121275C1-2CDB-469D-840B-0CDEB8F09398}.Release|Any CPU.ActiveCfg = Release|Any CPU
		{121275C1-2CDB-469D-840B-0CDEB8F09398}.Release|Any CPU.Build.0 = Release|Any CPU
		{4842597B-2CC6-4110-BB29-459A895EC334}.Debug|Any CPU.ActiveCfg = Debug|Any CPU
		{4842597B-2CC6-4110-BB29-459A895EC334}.Debug|Any CPU.Build.0 = Debug|Any CPU
		{4842597B-2CC6-4110-BB29-459A895EC334}.Release|Any CPU.ActiveCfg = Release|Any CPU
		{4842597B-2CC6-4110-BB29-459A895EC334}.Release|Any CPU.Build.0 = Release|Any CPU
		{ED504594-10A3-4F0B-9D34-F8F1B644799F}.Debug|Any CPU.ActiveCfg = Debug|Any CPU
		{ED504594-10A3-4F0B-9D34-F8F1B644799F}.Debug|Any CPU.Build.0 = Debug|Any CPU
		{ED504594-10A3-4F0B-9D34-F8F1B644799F}.Release|Any CPU.ActiveCfg = Release|Any CPU
		{ED504594-10A3-4F0B-9D34-F8F1B644799F}.Release|Any CPU.Build.0 = Release|Any CPU
		{686CF040-7113-476A-A73C-AB17943FAC83}.Debug|Any CPU.ActiveCfg = Debug|Any CPU
		{686CF040-7113-476A-A73C-AB17943FAC83}.Debug|Any CPU.Build.0 = Debug|Any CPU
		{686CF040-7113-476A-A73C-AB17943FAC83}.Release|Any CPU.ActiveCfg = Release|Any CPU
		{686CF040-7113-476A-A73C-AB17943FAC83}.Release|Any CPU.Build.0 = Release|Any CPU
	EndGlobalSection
	GlobalSection(SolutionProperties) = preSolution
		HideSolutionNode = FALSE
	EndGlobalSection
	GlobalSection(NestedProjects) = preSolution
		{5DB9313B-A29E-44A2-921E-7223CE100244} = {A88CA367-DE5C-4699-8301-9D11ABB19FD3}
		{F9DD7AB9-C43E-4097-A803-24755D02913F} = {31CA0AA6-4BC4-4B46-A186-FEF384FF4FC5}
		{A6C5E01D-CC56-4875-A760-EBA99280BFF9} = {D35D50FC-5C7D-47D4-AEA6-C16B0DCC3E4B}
		{A965E6AC-CA39-4C63-8AE5-C432CA3593FA} = {97DD759A-8AB8-498D-982B-0D87769924CB}
		{121275C1-2CDB-469D-840B-0CDEB8F09398} = {A88CA367-DE5C-4699-8301-9D11ABB19FD3}
		{4842597B-2CC6-4110-BB29-459A895EC334} = {31CA0AA6-4BC4-4B46-A186-FEF384FF4FC5}
		{ED504594-10A3-4F0B-9D34-F8F1B644799F} = {D35D50FC-5C7D-47D4-AEA6-C16B0DCC3E4B}
		{686CF040-7113-476A-A73C-AB17943FAC83} = {97DD759A-8AB8-498D-982B-0D87769924CB}
	EndGlobalSection
	GlobalSection(ExtensibilityGlobals) = postSolution
		SolutionGuid = {C205A4D4-D872-47BD-83F4-5B003AFDFF87}
	EndGlobalSection
EndGlobal
